
Microsoft Visual Studio Solution File, Format Version 10.00
# Visual C# Express 2008
Project("{FAE04EC0-301F-11D3-BF4B-00C04F79EFBC}") = "Giftaid", "MovieDB\Giftaid.csproj", "{D9E57F36-09BC-41DA-B410-0B0D8DF05E0D}"
EndProject
Global
	GlobalSection(SolutionConfigurationPlatforms) = preSolution
		Debug|Any CPU = Debug|Any CPU
		Release|Any CPU = Release|Any CPU
	EndGlobalSection
	GlobalSection(ProjectConfigurationPlatforms) = postSolution
		{D9E57F36-09BC-41DA-B410-0B0D8DF05E0D}.Debug|Any CPU.ActiveCfg = Debug|Any CPU
		{D9E57F36-09BC-41DA-B410-0B0D8DF05E0D}.Debug|Any CPU.Build.0 = Debug|Any CPU
		{D9E57F36-09BC-41DA-B410-0B0D8DF05E0D}.Release|Any CPU.ActiveCfg = Release|Any CPU
		{D9E57F36-09BC-41DA-B410-0B0D8DF05E0D}.Release|Any CPU.Build.0 = Release|Any CPU
	EndGlobalSection
	GlobalSection(SolutionProperties) = preSolution
		HideSolutionNode = FALSE
	EndGlobalSection
EndGlobal
